
Microsoft Visual Studio Solution File, Format Version 12.00
# Visual Studio Version 16
VisualStudioVersion = 16.0.30011.22
MinimumVisualStudioVersion = 10.0.40219.1
Project("{9A19103F-16F7-4668-BE54-9A1E7A4F7556}") = "Calm.App", "Calm.App\Calm.App.csproj", "{B3E29C06-EB23-4233-A752-6296CD8C99B5}"
EndProject
Project("{9A19103F-16F7-4668-BE54-9A1E7A4F7556}") = "Calm.Dtb", "Calm.Dtb\Calm.Dtb.csproj", "{FDB270C8-FD21-4926-AC44-2015F0ECBA41}"
EndProject
Project("{9A19103F-16F7-4668-BE54-9A1E7A4F7556}") = "Calm.Lib", "Calm.Lib\Calm.Lib.csproj", "{591B4B9E-B268-4DEE-A20F-FE621600B4E5}"
EndProject
Project("{9A19103F-16F7-4668-BE54-9A1E7A4F7556}") = "Calm.Test", "Calm.Test\Calm.Test.csproj", "{3B6C00AA-9F68-4623-94AB-A120847E76BA}"
EndProject
Global
	GlobalSection(SolutionConfigurationPlatforms) = preSolution
		Debug|Any CPU = Debug|Any CPU
		Release|Any CPU = Release|Any CPU
	EndGlobalSection
	GlobalSection(ProjectConfigurationPlatforms) = postSolution
		{B3E29C06-EB23-4233-A752-6296CD8C99B5}.Debug|Any CPU.ActiveCfg = Debug|Any CPU
		{B3E29C06-EB23-4233-A752-6296CD8C99B5}.Debug|Any CPU.Build.0 = Debug|Any CPU
		{B3E29C06-EB23-4233-A752-6296CD8C99B5}.Release|Any CPU.ActiveCfg = Release|Any CPU
		{B3E29C06-EB23-4233-A752-6296CD8C99B5}.Release|Any CPU.Build.0 = Release|Any CPU
		{FDB270C8-FD21-4926-AC44-2015F0ECBA41}.Debug|Any CPU.ActiveCfg = Debug|Any CPU
		{FDB270C8-FD21-4926-AC44-2015F0ECBA41}.Debug|Any CPU.Build.0 = Debug|Any CPU
		{FDB270C8-FD21-4926-AC44-2015F0ECBA41}.Release|Any CPU.ActiveCfg = Release|Any CPU
		{FDB270C8-FD21-4926-AC44-2015F0ECBA41}.Release|Any CPU.Build.0 = Release|Any CPU
		{591B4B9E-B268-4DEE-A20F-FE621600B4E5}.Debug|Any CPU.ActiveCfg = Debug|Any CPU
		{591B4B9E-B268-4DEE-A20F-FE621600B4E5}.Debug|Any CPU.Build.0 = Debug|Any CPU
		{591B4B9E-B268-4DEE-A20F-FE621600B4E5}.Release|Any CPU.ActiveCfg = Release|Any CPU
		{591B4B9E-B268-4DEE-A20F-FE621600B4E5}.Release|Any CPU.Build.0 = Release|Any CPU
		{3B6C00AA-9F68-4623-94AB-A120847E76BA}.Debug|Any CPU.ActiveCfg = Debug|Any CPU
		{3B6C00AA-9F68-4623-94AB-A120847E76BA}.Debug|Any CPU.Build.0 = Debug|Any CPU
		{3B6C00AA-9F68-4623-94AB-A120847E76BA}.Release|Any CPU.ActiveCfg = Release|Any CPU
		{3B6C00AA-9F68-4623-94AB-A120847E76BA}.Release|Any CPU.Build.0 = Release|Any CPU
	EndGlobalSection
	GlobalSection(SolutionProperties) = preSolution
		HideSolutionNode = FALSE
	EndGlobalSection
	GlobalSection(ExtensibilityGlobals) = postSolution
		SolutionGuid = {10C33827-D724-42E6-B755-1EBE4BB6C655}
	EndGlobalSection
EndGlobal
